
Microsoft Visual Studio Solution File, Format Version 12.00
# Visual Studio Version 16
VisualStudioVersion = 16.0.29306.81
MinimumVisualStudioVersion = 10.0.40219.1
Project("{FAE04EC0-301F-11D3-BF4B-00C04F79EFBC}") = "MvcMovie", "MvcMovie\MvcMovie.csproj", "{6875CB22-EE4A-4CB5-A7F9-32AA85272405}"
EndProject
Global
	GlobalSection(SolutionConfigurationPlatforms) = preSolution
		Debug|Any CPU = Debug|Any CPU
		Release|Any CPU = Release|Any CPU
	EndGlobalSection
	GlobalSection(ProjectConfigurationPlatforms) = postSolution
		{6875CB22-EE4A-4CB5-A7F9-32AA85272405}.Debug|Any CPU.ActiveCfg = Debug|Any CPU
		{6875CB22-EE4A-4CB5-A7F9-32AA85272405}.Debug|Any CPU.Build.0 = Debug|Any CPU
		{6875CB22-EE4A-4CB5-A7F9-32AA85272405}.Release|Any CPU.ActiveCfg = Release|Any CPU
		{6875CB22-EE4A-4CB5-A7F9-32AA85272405}.Release|Any CPU.Build.0 = Release|Any CPU
	EndGlobalSection
	GlobalSection(SolutionProperties) = preSolution
		HideSolutionNode = FALSE
	EndGlobalSection
	GlobalSection(ExtensibilityGlobals) = postSolution
		SolutionGuid = {1C1B0BCC-EF04-43FC-8274-3F5A1AAA214C}
	EndGlobalSection
EndGlobal
