
Microsoft Visual Studio Solution File, Format Version 12.00
# Visual Studio Version 16
VisualStudioVersion = 16.0.29306.81
MinimumVisualStudioVersion = 10.0.40219.1
Project("{FAE04EC0-301F-11D3-BF4B-00C04F79EFBC}") = "lab2", "lab2\lab2.csproj", "{02D608FC-2F90-45C7-91DC-DEA69927439D}"
EndProject
Global
	GlobalSection(SolutionConfigurationPlatforms) = preSolution
		Debug|Any CPU = Debug|Any CPU
		Release|Any CPU = Release|Any CPU
	EndGlobalSection
	GlobalSection(ProjectConfigurationPlatforms) = postSolution
		{02D608FC-2F90-45C7-91DC-DEA69927439D}.Debug|Any CPU.ActiveCfg = Debug|Any CPU
		{02D608FC-2F90-45C7-91DC-DEA69927439D}.Debug|Any CPU.Build.0 = Debug|Any CPU
		{02D608FC-2F90-45C7-91DC-DEA69927439D}.Release|Any CPU.ActiveCfg = Release|Any CPU
		{02D608FC-2F90-45C7-91DC-DEA69927439D}.Release|Any CPU.Build.0 = Release|Any CPU
	EndGlobalSection
	GlobalSection(SolutionProperties) = preSolution
		HideSolutionNode = FALSE
	EndGlobalSection
	GlobalSection(ExtensibilityGlobals) = postSolution
		SolutionGuid = {80123CA1-6DE7-4067-971B-C35ED73C50A3}
	EndGlobalSection
EndGlobal
